
Microsoft Visual Studio Solution File, Format Version 12.00
# Visual Studio Version 16
VisualStudioVersion = 16.0.30002.166
MinimumVisualStudioVersion = 10.0.40219.1
Project("{FAE04EC0-301F-11D3-BF4B-00C04F79EFBC}") = "PhoneBook", "PhoneBook\PhoneBook.csproj", "{83B1101F-5503-450B-8822-FBFD467D8ACA}"
EndProject
Global
	GlobalSection(SolutionConfigurationPlatforms) = preSolution
		Debug|Any CPU = Debug|Any CPU
		Release|Any CPU = Release|Any CPU
	EndGlobalSection
	GlobalSection(ProjectConfigurationPlatforms) = postSolution
		{83B1101F-5503-450B-8822-FBFD467D8ACA}.Debug|Any CPU.ActiveCfg = Debug|Any CPU
		{83B1101F-5503-450B-8822-FBFD467D8ACA}.Debug|Any CPU.Build.0 = Debug|Any CPU
		{83B1101F-5503-450B-8822-FBFD467D8ACA}.Release|Any CPU.ActiveCfg = Release|Any CPU
		{83B1101F-5503-450B-8822-FBFD467D8ACA}.Release|Any CPU.Build.0 = Release|Any CPU
	EndGlobalSection
	GlobalSection(SolutionProperties) = preSolution
		HideSolutionNode = FALSE
	EndGlobalSection
	GlobalSection(ExtensibilityGlobals) = postSolution
		SolutionGuid = {D2D48AB1-4D8E-4D9C-8D7A-43DACC66BBFA}
	EndGlobalSection
EndGlobal
